// !$*UTF8*$!
{
	archiveVersion = 1;
	classes = {
	};
	objectVersion = 50;
	objects = {

/* Begin PBXBuildFile section */
		77108EE123C47AC7002F9235 /* AppDelegate.swift in Sources */ = {isa = PBXBuildFile; fileRef = 77108EE023C47AC7002F9235 /* AppDelegate.swift */; };
		77108EE323C47AC7002F9235 /* SceneDelegate.swift in Sources */ = {isa = PBXBuildFile; fileRef = 77108EE223C47AC7002F9235 /* SceneDelegate.swift */; };
		77108EE523C47AC7002F9235 /* ViewController.swift in Sources */ = {isa = PBXBuildFile; fileRef = 77108EE423C47AC7002F9235 /* ViewController.swift */; };
		77108EE823C47AC7002F9235 /* Main.storyboard in Resources */ = {isa = PBXBuildFile; fileRef = 77108EE623C47AC7002F9235 /* Main.storyboard */; };
		77108EEA23C47AC8002F9235 /* Assets.xcassets in Resources */ = {isa = PBXBuildFile; fileRef = 77108EE923C47AC8002F9235 /* Assets.xcassets */; };
		77108EED23C47AC8002F9235 /* LaunchScreen.storyboard in Resources */ = {isa = PBXBuildFile; fileRef = 77108EEB23C47AC8002F9235 /* LaunchScreen.storyboard */; };
/* End PBXBuildFile section */

/* Begin PBXFileReference section */
		77108EDD23C47AC7002F9235 /* Appcent Flickr API Get Recent.app */ = {isa = PBXFileReference; explicitFileType = wrapper.application; includeInIndex = 0; path = "Appcent Flickr API Get Recent.app"; sourceTree = BUILT_PRODUCTS_DIR; };
		77108EE023C47AC7002F9235 /* AppDelegate.swift */ = {isa = PBXFileReference; lastKnownFileType = sourcecode.swift; path = AppDelegate.swift; sourceTree = "<group>"; };
		77108EE223C47AC7002F9235 /* SceneDelegate.swift */ = {isa = PBXFileReference; lastKnownFileType = sourcecode.swift; path = SceneDelegate.swift; sourceTree = "<group>"; };
		77108EE423C47AC7002F9235 /* ViewController.swift */ = {isa = PBXFileReference; lastKnownFileType = sourcecode.swift; path = ViewController.swift; sourceTree = "<group>"; };
		77108EE723C47AC7002F9235 /* Base */ = {isa = PBXFileReference; lastKnownFileType = file.storyboard; name = Base; path = Base.lproj/Main.storyboard; sourceTree = "<group>"; };
		77108EE923C47AC8002F9235 /* Assets.xcassets */ = {isa = PBXFileReference; lastKnownFileType = folder.assetcatalog; path = Assets.xcassets; sourceTree = "<group>"; };
		77108EEC23C47AC8002F9235 /* Base */ = {isa = PBXFileReference; lastKnownFileType = file.storyboard; name = Base; path = Base.lproj/LaunchScreen.storyboard; sourceTree = "<group>"; };
		77108EEE23C47AC8002F9235 /* Info.plist */ = {isa = PBXFileReference; lastKnownFileType = text.plist.xml; path = Info.plist; sourceTree = "<group>"; };
/* End PBXFileReference section */

/* Begin PBXFrameworksBuildPhase section */
		77108EDA23C47AC7002F9235 /* Frameworks */ = {
			isa = PBXFrameworksBuildPhase;
			buildActionMask = 2147483647;
			files = (
			);
			runOnlyForDeploymentPostprocessing = 0;
		};
/* End PBXFrameworksBuildPhase section */

/* Begin PBXGroup section */
		77108ED423C47AC7002F9235 = {
			isa = PBXGroup;
			children = (
				77108EDF23C47AC7002F9235 /* Appcent Flickr API Get Recent */,
				77108EDE23C47AC7002F9235 /* Products */,
			);
			sourceTree = "<group>";
		};
		77108EDE23C47AC7002F9235 /* Products */ = {
			isa = PBXGroup;
			children = (
				77108EDD23C47AC7002F9235 /* Appcent Flickr API Get Recent.app */,
			);
			name = Products;
			sourceTree = "<group>";
		};
		77108EDF23C47AC7002F9235 /* Appcent Flickr API Get Recent */ = {
			isa = PBXGroup;
			children = (
				77108EE023C47AC7002F9235 /* AppDelegate.swift */,
				77108EE223C47AC7002F9235 /* SceneDelegate.swift */,
				77108EE423C47AC7002F9235 /* ViewController.swift */,
				77108EE623C47AC7002F9235 /* Main.storyboard */,
				77108EE923C47AC8002F9235 /* Assets.xcassets */,
				77108EEB23C47AC8002F9235 /* LaunchScreen.storyboard */,
				77108EEE23C47AC8002F9235 /* Info.plist */,
			);
			path = "Appcent Flickr API Get Recent";
			sourceTree = "<group>";
		};
/* End PBXGroup section */

/* Begin PBXNativeTarget section */
		77108EDC23C47AC7002F9235 /* Appcent Flickr API Get Recent */ = {
			isa = PBXNativeTarget;
			buildConfigurationList = 77108EF123C47AC8002F9235 /* Build configuration list for PBXNativeTarget "Appcent Flickr API Get Recent" */;
			buildPhases = (
				77108ED923C47AC7002F9235 /* Sources */,
				77108EDA23C47AC7002F9235 /* Frameworks */,
				77108EDB23C47AC7002F9235 /* Resources */,
			);
			buildRules = (
			);
			dependencies = (
			);
			name = "Appcent Flickr API Get Recent";
			productName = "Appcent Flickr API Get Recent";
			productReference = 77108EDD23C47AC7002F9235 /* Appcent Flickr API Get Recent.app */;
			productType = "com.apple.product-type.application";
		};
/* End PBXNativeTarget section */

/* Begin PBXProject section */
		77108ED523C47AC7002F9235 /* Project object */ = {
			isa = PBXProject;
			attributes = {
				LastSwiftUpdateCheck = 1120;
				LastUpgradeCheck = 1120;
				ORGANIZATIONNAME = "Vural Celik";
				TargetAttributes = {
					77108EDC23C47AC7002F9235 = {
						CreatedOnToolsVersion = 11.2.1;
					};
				};
			};
			buildConfigurationList = 77108ED823C47AC7002F9235 /* Build configuration list for PBXProject "Appcent Flickr API Get Recent" */;
			compatibilityVersion = "Xcode 9.3";
			developmentRegion = en;
			hasScannedForEncodings = 0;
			knownRegions = (
				en,
				Base,
			);
			mainGroup = 77108ED423C47AC7002F9235;
			productRefGroup = 77108EDE23C47AC7002F9235 /* Products */;
			projectDirPath = "";
			projectRoot = "";
			targets = (
				77108EDC23C47AC7002F9235 /* Appcent Flickr API Get Recent */,
			);
		};
/* End PBXProject section */

/* Begin PBXResourcesBuildPhase section */
		77108EDB23C47AC7002F9235 /* Resources */ = {
			isa = PBXResourcesBuildPhase;
			buildActionMask = 2147483647;
			files = (
				77108EED23C47AC8002F9235 /* LaunchScreen.storyboard in Resources */,
				77108EEA23C47AC8002F9235 /* Assets.xcassets in Resources */,
				77108EE823C47AC7002F9235 /* Main.storyboard in Resources */,
			);
			runOnlyForDeploymentPostprocessing = 0;
		};
/* End PBXResourcesBuildPhase section */

/* Begin PBXSourcesBuildPhase section */
		77108ED923C47AC7002F9235 /* Sources */ = {
			isa = PBXSourcesBuildPhase;
			buildActionMask = 2147483647;
			files = (
				77108EE523C47AC7002F9235 /* ViewController.swift in Sources */,
				77108EE123C47AC7002F9235 /* AppDelegate.swift in Sources */,
				77108EE323C47AC7002F9235 /* SceneDelegate.swift in Sources */,
			);
			runOnlyForDeploymentPostprocessing = 0;
		};
/* End PBXSourcesBuildPhase section */

/* Begin PBXVariantGroup section */
		77108EE623C47AC7002F9235 /* Main.storyboard */ = {
			isa = PBXVariantGroup;
			children = (
				77108EE723C47AC7002F9235 /* Base */,
			);
			name = Main.storyboard;
			sourceTree = "<group>";
		};
		77108EEB23C47AC8002F9235 /* LaunchScreen.storyboard */ = {
			isa = PBXVariantGroup;
			children = (
				77108EEC23C47AC8002F9235 /* Base */,
			);
			name = LaunchScreen.storyboard;
			sourceTree = "<group>";
		};
/* End PBXVariantGroup section */

/* Begin XCBuildConfiguration section */
		77108EEF23C47AC8002F9235 /* Debug */ = {
			isa = XCBuildConfiguration;
			buildSettings = {
				ALWAYS_SEARCH_USER_PATHS = NO;
				CLANG_ANALYZER_NONNULL = YES;
				CLANG_ANALYZER_NUMBER_OBJECT_CONVERSION = YES_AGGRESSIVE;
				CLANG_CXX_LANGUAGE_STANDARD = "gnu++14";
				CLANG_CXX_LIBRARY = "libc++";
				CLANG_ENABLE_MODULES = YES;
				CLANG_ENABLE_OBJC_ARC = YES;
				CLANG_ENABLE_OBJC_WEAK = YES;
				CLANG_WARN_BLOCK_CAPTURE_AUTORELEASING = YES;
				CLANG_WARN_BOOL_CONVERSION = YES;
				CLANG_WARN_COMMA = YES;
				CLANG_WARN_CONSTANT_CONVERSION = YES;
				CLANG_WARN_DEPRECATED_OBJC_IMPLEMENTATIONS = YES;
				CLANG_WARN_DIRECT_OBJC_ISA_USAGE = YES_ERROR;
				CLANG_WARN_DOCUMENTATION_COMMENTS = YES;
				CLANG_WARN_EMPTY_BODY = YES;
				CLANG_WARN_ENUM_CONVERSION = YES;
				CLANG_WARN_INFINITE_RECURSION = YES;
				CLANG_WARN_INT_CONVERSION = YES;
				CLANG_WARN_NON_LITERAL_NULL_CONVERSION = YES;
				CLANG_WARN_OBJC_IMPLICIT_RETAIN_SELF = YES;
				CLANG_WARN_OBJC_LITERAL_CONVERSION = YES;
				CLANG_WARN_OBJC_ROOT_CLASS = YES_ERROR;
				CLANG_WARN_RANGE_LOOP_ANALYSIS = YES;
				CLANG_WARN_STRICT_PROTOTYPES = YES;
				CLANG_WARN_SUSPICIOUS_MOVE = YES;
				CLANG_WARN_UNGUARDED_AVAILABILITY = YES_AGGRESSIVE;
				CLANG_WARN_UNREACHABLE_CODE = YES;
				CLANG_WARN__DUPLICATE_METHOD_MATCH = YES;
				COPY_PHASE_STRIP = NO;
				DEBUG_INFORMATION_FORMAT = dwarf;
				ENABLE_STRICT_OBJC_MSGSEND = YES;
				ENABLE_TESTABILITY = YES;
				GCC_C_LANGUAGE_STANDARD = gnu11;
				GCC_DYNAMIC_NO_PIC = NO;
				GCC_NO_COMMON_BLOCKS = YES;
				GCC_OPTIMIZATION_LEVEL = 0;
				GCC_PREPROCESSOR_DEFINITIONS = (
					"DEBUG=1",
					"$(inherited)",
				);
				GCC_WARN_64_TO_32_BIT_CONVERSION = YES;
				GCC_WARN_ABOUT_RETURN_TYPE = YES_ERROR;
				GCC_WARN_UNDECLARED_SELECTOR = YES;
				GCC_WARN_UNINITIALIZED_AUTOS = YES_AGGRESSIVE;
				GCC_WARN_UNUSED_FUNCTION = YES;
				GCC_WARN_UNUSED_VARIABLE = YES;
				IPHONEOS_DEPLOYMENT_TARGET = 13.2;
				MTL_ENABLE_DEBUG_INFO = INCLUDE_SOURCE;
				MTL_FAST_MATH = YES;
				ONLY_ACTIVE_ARCH = YES;
				SDKROOT = iphoneos;
				SWIFT_ACTIVE_COMPILATION_CONDITIONS = DEBUG;
				SWIFT_OPTIMIZATION_LEVEL = "-Onone";
			};
			name = Debug;
		};
		77108EF023C47AC8002F9235 /* Release */ = {
			isa = XCBuildConfiguration;
			buildSettings = {
				ALWAYS_SEARCH_USER_PATHS = NO;
				CLANG_ANALYZER_NONNULL = YES;
				CLANG_ANALYZER_NUMBER_OBJECT_CONVERSION = YES_AGGRESSIVE;
				CLANG_CXX_LANGUAGE_STANDARD = "gnu++14";
				CLANG_CXX_LIBRARY = "libc++";
				CLANG_ENABLE_MODULES = YES;
				CLANG_ENABLE_OBJC_ARC = YES;
				CLANG_ENABLE_OBJC_WEAK = YES;
				CLANG_WARN_BLOCK_CAPTURE_AUTORELEASING = YES;
				CLANG_WARN_BOOL_CONVERSION = YES;
				CLANG_WARN_COMMA = YES;
				CLANG_WARN_CONSTANT_CONVERSION = YES;
				CLANG_WARN_DEPRECATED_OBJC_IMPLEMENTATIONS = YES;
				CLANG_WARN_DIRECT_OBJC_ISA_USAGE = YES_ERROR;
				CLANG_WARN_DOCUMENTATION_COMMENTS = YES;
				CLANG_WARN_EMPTY_BODY = YES;
				CLANG_WARN_ENUM_CONVERSION = YES;
				CLANG_WARN_INFINITE_RECURSION = YES;
				CLANG_WARN_INT_CONVERSION = YES;
				CLANG_WARN_NON_LITERAL_NULL_CONVERSION = YES;
				CLANG_WARN_OBJC_IMPLICIT_RETAIN_SELF = YES;
				CLANG_WARN_OBJC_LITERAL_CONVERSION = YES;
				CLANG_WARN_OBJC_ROOT_CLASS = YES_ERROR;
				CLANG_WARN_RANGE_LOOP_ANALYSIS = YES;
				CLANG_WARN_STRICT_PROTOTYPES = YES;
				CLANG_WARN_SUSPICIOUS_MOVE = YES;
				CLANG_WARN_UNGUARDED_AVAILABILITY = YES_AGGRESSIVE;
				CLANG_WARN_UNREACHABLE_CODE = YES;
				CLANG_WARN__DUPLICATE_METHOD_MATCH = YES;
				COPY_PHASE_STRIP = NO;
				DEBUG_INFORMATION_FORMAT = "dwarf-with-dsym";
				ENABLE_NS_ASSERTIONS = NO;
				ENABLE_STRICT_OBJC_MSGSEND = YES;
				GCC_C_LANGUAGE_STANDARD = gnu11;
				GCC_NO_COMMON_BLOCKS = YES;
				GCC_WARN_64_TO_32_BIT_CONVERSION = YES;
				GCC_WARN_ABOUT_RETURN_TYPE = YES_ERROR;
				GCC_WARN_UNDECLARED_SELECTOR = YES;
				GCC_WARN_UNINITIALIZED_AUTOS = YES_AGGRESSIVE;
				GCC_WARN_UNUSED_FUNCTION = YES;
				GCC_WARN_UNUSED_VARIABLE = YES;
				IPHONEOS_DEPLOYMENT_TARGET = 13.2;
				MTL_ENABLE_DEBUG_INFO = NO;
				MTL_FAST_MATH = YES;
				SDKROOT = iphoneos;
				SWIFT_COMPILATION_MODE = wholemodule;
				SWIFT_OPTIMIZATION_LEVEL = "-O";
				VALIDATE_PRODUCT = YES;
			};
			name = Release;
		};
		77108EF223C47AC8002F9235 /* Debug */ = {
			isa = XCBuildConfiguration;
			buildSettings = {
				ASSETCATALOG_COMPILER_APPICON_NAME = AppIcon;
				CODE_SIGN_STYLE = Automatic;
				DEVELOPMENT_TEAM = VFT6WS5363;
				INFOPLIST_FILE = "Appcent Flickr API Get Recent/Info.plist";
				LD_RUNPATH_SEARCH_PATHS = (
					"$(inherited)",
					"@executable_path/Frameworks",
				);
				PRODUCT_BUNDLE_IDENTIFIER = "com.vuralcelik.Appcent-Flickr-API-Get-Recent";
				PRODUCT_NAME = "$(TARGET_NAME)";
				SWIFT_VERSION = 5.0;
				TARGETED_DEVICE_FAMILY = "1,2";
			};
			name = Debug;
		};
		77108EF323C47AC8002F9235 /* Release */ = {
			isa = XCBuildConfiguration;
			buildSettings = {
				ASSETCATALOG_COMPILER_APPICON_NAME = AppIcon;
				CODE_SIGN_STYLE = Automatic;
				DEVELOPMENT_TEAM = VFT6WS5363;
				INFOPLIST_FILE = "Appcent Flickr API Get Recent/Info.plist";
				LD_RUNPATH_SEARCH_PATHS = (
					"$(inherited)",
					"@executable_path/Frameworks",
				);
				PRODUCT_BUNDLE_IDENTIFIER = "com.vuralcelik.Appcent-Flickr-API-Get-Recent";
				PRODUCT_NAME = "$(TARGET_NAME)";
				SWIFT_VERSION = 5.0;
				TARGETED_DEVICE_FAMILY = "1,2";
			};
			name = Release;
		};
/* End XCBuildConfiguration section */

/* Begin XCConfigurationList section */
		77108ED823C47AC7002F9235 /* Build configuration list for PBXProject "Appcent Flickr API Get Recent" */ = {
			isa = XCConfigurationList;
			buildConfigurations = (
				77108EEF23C47AC8002F9235 /* Debug */,
				77108EF023C47AC8002F9235 /* Release */,
			);
			defaultConfigurationIsVisible = 0;
			defaultConfigurationName = Release;
		};
		77108EF123C47AC8002F9235 /* Build configuration list for PBXNativeTarget "Appcent Flickr API Get Recent" */ = {
			isa = XCConfigurationList;
			buildConfigurations = (
				77108EF223C47AC8002F9235 /* Debug */,
				77108EF323C47AC8002F9235 /* Release */,
			);
			defaultConfigurationIsVisible = 0;
			defaultConfigurationName = Release;
		};
/* End XCConfigurationList section */
	};
	rootObject = 77108ED523C47AC7002F9235 /* Project object */;
}
